// !$*UTF8*$!
{
	archiveVersion = 1;
	classes = {
	};
	objectVersion = 46;
	objects = {

/* Begin PBXBuildFile section */
		F25E894E18DC725200208B39 /* XCTest.framework in Frameworks */ = {isa = PBXBuildFile; fileRef = F25E894D18DC725200208B39 /* XCTest.framework */; };
		F25E895018DC725200208B39 /* Foundation.framework in Frameworks */ = {isa = PBXBuildFile; fileRef = F25E894F18DC725200208B39 /* Foundation.framework */; };
		F25E895218DC725200208B39 /* UIKit.framework in Frameworks */ = {isa = PBXBuildFile; fileRef = F25E895118DC725200208B39 /* UIKit.framework */; };
		F25E895818DC725200208B39 /* InfoPlist.strings in Resources */ = {isa = PBXBuildFile; fileRef = F25E895618DC725200208B39 /* InfoPlist.strings */; };
		F25E895A18DC725200208B39 /* Tests.m in Sources */ = {isa = PBXBuildFile; fileRef = F25E895918DC725200208B39 /* Tests.m */; };
/* End PBXBuildFile section */

/* Begin PBXFileReference section */
		F25E894A18DC725200208B39 /* Tests.xctest */ = {isa = PBXFileReference; explicitFileType = wrapper.cfbundle; includeInIndex = 0; path = Tests.xctest; sourceTree = BUILT_PRODUCTS_DIR; };
		F25E894D18DC725200208B39 /* XCTest.framework */ = {isa = PBXFileReference; lastKnownFileType = wrapper.framework; name = XCTest.framework; path = Library/Frameworks/XCTest.framework; sourceTree = DEVELOPER_DIR; };
		F25E894F18DC725200208B39 /* Foundation.framework */ = {isa = PBXFileReference; lastKnownFileType = wrapper.framework; name = Foundation.framework; path = Library/Frameworks/Foundation.framework; sourceTree = DEVELOPER_DIR; };
		F25E895118DC725200208B39 /* UIKit.framework */ = {isa = PBXFileReference; lastKnownFileType = wrapper.framework; name = UIKit.framework; path = Library/Frameworks/UIKit.framework; sourceTree = DEVELOPER_DIR; };
		F25E895518DC725200208B39 /* Tests-Info.plist */ = {isa = PBXFileReference; lastKnownFileType = text.plist.xml; path = "Tests-Info.plist"; sourceTree = "<group>"; };
		F25E895718DC725200208B39 /* en */ = {isa = PBXFileReference; lastKnownFileType = text.plist.strings; name = en; path = en.lproj/InfoPlist.strings; sourceTree = "<group>"; };
		F25E895918DC725200208B39 /* Tests.m */ = {isa = PBXFileReference; lastKnownFileType = sourcecode.c.objc; path = Tests.m; sourceTree = "<group>"; };
		F25E895B18DC725200208B39 /* Tests-Prefix.pch */ = {isa = PBXFileReference; lastKnownFileType = sourcecode.c.h; path = "Tests-Prefix.pch"; sourceTree = "<group>"; };
/* End PBXFileReference section */

/* Begin PBXFrameworksBuildPhase section */
		F25E894718DC725200208B39 /* Frameworks */ = {
			isa = PBXFrameworksBuildPhase;
			buildActionMask = 2147483647;
			files = (
				F25E894E18DC725200208B39 /* XCTest.framework in Frameworks */,
				F25E895218DC725200208B39 /* UIKit.framework in Frameworks */,
				F25E895018DC725200208B39 /* Foundation.framework in Frameworks */,
			);
			runOnlyForDeploymentPostprocessing = 0;
		};
/* End PBXFrameworksBuildPhase section */

/* Begin PBXGroup section */
		F25E893F18DC720B00208B39 = {
			isa = PBXGroup;
			children = (
				F25E895318DC725200208B39 /* Tests */,
				F25E894C18DC725200208B39 /* Frameworks */,
				F25E894B18DC725200208B39 /* Products */,
			);
			sourceTree = "<group>";
		};
		F25E894B18DC725200208B39 /* Products */ = {
			isa = PBXGroup;
			children = (
				F25E894A18DC725200208B39 /* Tests.xctest */,
			);
			name = Products;
			sourceTree = "<group>";
		};
		F25E894C18DC725200208B39 /* Frameworks */ = {
			isa = PBXGroup;
			children = (
				F25E894D18DC725200208B39 /* XCTest.framework */,
				F25E894F18DC725200208B39 /* Foundation.framework */,
				F25E895118DC725200208B39 /* UIKit.framework */,
			);
			name = Frameworks;
			sourceTree = "<group>";
		};
		F25E895318DC725200208B39 /* Tests */ = {
			isa = PBXGroup;
			children = (
				F25E895918DC725200208B39 /* Tests.m */,
				F25E895418DC725200208B39 /* Supporting Files */,
			);
			path = Tests;
			sourceTree = "<group>";
		};
		F25E895418DC725200208B39 /* Supporting Files */ = {
			isa = PBXGroup;
			children = (
				F25E895518DC725200208B39 /* Tests-Info.plist */,
				F25E895618DC725200208B39 /* InfoPlist.strings */,
				F25E895B18DC725200208B39 /* Tests-Prefix.pch */,
			);
			name = "Supporting Files";
			sourceTree = "<group>";
		};
/* End PBXGroup section */

/* Begin PBXNativeTarget section */
		F25E894918DC725200208B39 /* Tests */ = {
			isa = PBXNativeTarget;
			buildConfigurationList = F25E895C18DC725200208B39 /* Build configuration list for PBXNativeTarget "Tests" */;
			buildPhases = (
				F25E894618DC725200208B39 /* Sources */,
				F25E894718DC725200208B39 /* Frameworks */,
				F25E894818DC725200208B39 /* Resources */,
			);
			buildRules = (
			);
			dependencies = (
			);
			name = Tests;
			productName = Tests;
			productReference = F25E894A18DC725200208B39 /* Tests.xctest */;
			productType = "com.apple.product-type.bundle.unit-test";
		};
/* End PBXNativeTarget section */

/* Begin PBXProject section */
		F25E894018DC720B00208B39 /* Project object */ = {
			isa = PBXProject;
			attributes = {
				LastUpgradeCheck = 0510;
			};
			buildConfigurationList = F25E894318DC720B00208B39 /* Build configuration list for PBXProject "JGORegExpBuilderTests" */;
			compatibilityVersion = "Xcode 3.2";
			developmentRegion = English;
			hasScannedForEncodings = 0;
			knownRegions = (
				en,
			);
			mainGroup = F25E893F18DC720B00208B39;
			productRefGroup = F25E894B18DC725200208B39 /* Products */;
			projectDirPath = "";
			projectRoot = "";
			targets = (
				F25E894918DC725200208B39 /* Tests */,
			);
		};
/* End PBXProject section */

/* Begin PBXResourcesBuildPhase section */
		F25E894818DC725200208B39 /* Resources */ = {
			isa = PBXResourcesBuildPhase;
			buildActionMask = 2147483647;
			files = (
				F25E895818DC725200208B39 /* InfoPlist.strings in Resources */,
			);
			runOnlyForDeploymentPostprocessing = 0;
		};
/* End PBXResourcesBuildPhase section */

/* Begin PBXSourcesBuildPhase section */
		F25E894618DC725200208B39 /* Sources */ = {
			isa = PBXSourcesBuildPhase;
			buildActionMask = 2147483647;
			files = (
				F25E895A18DC725200208B39 /* Tests.m in Sources */,
			);
			runOnlyForDeploymentPostprocessing = 0;
		};
/* End PBXSourcesBuildPhase section */

/* Begin PBXVariantGroup section */
		F25E895618DC725200208B39 /* InfoPlist.strings */ = {
			isa = PBXVariantGroup;
			children = (
				F25E895718DC725200208B39 /* en */,
			);
			name = InfoPlist.strings;
			sourceTree = "<group>";
		};
/* End PBXVariantGroup section */

/* Begin XCBuildConfiguration section */
		F25E894418DC720B00208B39 /* Debug */ = {
			isa = XCBuildConfiguration;
			buildSettings = {
				IPHONEOS_DEPLOYMENT_TARGET = 7.0;
			};
			name = Debug;
		};
		F25E894518DC720B00208B39 /* Release */ = {
			isa = XCBuildConfiguration;
			buildSettings = {
				IPHONEOS_DEPLOYMENT_TARGET = 7.0;
			};
			name = Release;
		};
		F25E895D18DC725200208B39 /* Debug */ = {
			isa = XCBuildConfiguration;
			buildSettings = {
				ALWAYS_SEARCH_USER_PATHS = NO;
				CLANG_CXX_LANGUAGE_STANDARD = "gnu++0x";
				CLANG_CXX_LIBRARY = "libc++";
				CLANG_ENABLE_MODULES = YES;
				CLANG_ENABLE_OBJC_ARC = YES;
				CLANG_WARN_BOOL_CONVERSION = YES;
				CLANG_WARN_CONSTANT_CONVERSION = YES;
				CLANG_WARN_DIRECT_OBJC_ISA_USAGE = YES_ERROR;
				CLANG_WARN_EMPTY_BODY = YES;
				CLANG_WARN_ENUM_CONVERSION = YES;
				CLANG_WARN_INT_CONVERSION = YES;
				CLANG_WARN_OBJC_ROOT_CLASS = YES_ERROR;
				CLANG_WARN__DUPLICATE_METHOD_MATCH = YES;
				COPY_PHASE_STRIP = NO;
				FRAMEWORK_SEARCH_PATHS = (
					"$(SDKROOT)/Developer/Library/Frameworks",
					"$(inherited)",
					"$(DEVELOPER_FRAMEWORKS_DIR)",
				);
				GCC_C_LANGUAGE_STANDARD = gnu99;
				GCC_DYNAMIC_NO_PIC = NO;
				GCC_OPTIMIZATION_LEVEL = 0;
				GCC_PRECOMPILE_PREFIX_HEADER = YES;
				GCC_PREFIX_HEADER = "Tests/Tests-Prefix.pch";
				GCC_PREPROCESSOR_DEFINITIONS = (
					"DEBUG=1",
					"$(inherited)",
				);
				GCC_SYMBOLS_PRIVATE_EXTERN = NO;
				GCC_WARN_64_TO_32_BIT_CONVERSION = YES;
				GCC_WARN_ABOUT_RETURN_TYPE = YES_ERROR;
				GCC_WARN_UNDECLARED_SELECTOR = YES;
				GCC_WARN_UNINITIALIZED_AUTOS = YES_AGGRESSIVE;
				GCC_WARN_UNUSED_FUNCTION = YES;
				GCC_WARN_UNUSED_VARIABLE = YES;
				INFOPLIST_FILE = "Tests/Tests-Info.plist";
				IPHONEOS_DEPLOYMENT_TARGET = 7.1;
				ONLY_ACTIVE_ARCH = YES;
				PRODUCT_NAME = "$(TARGET_NAME)";
				SDKROOT = iphoneos;
				WRAPPER_EXTENSION = xctest;
			};
			name = Debug;
		};
		F25E895E18DC725200208B39 /* Release */ = {
			isa = XCBuildConfiguration;
			buildSettings = {
				ALWAYS_SEARCH_USER_PATHS = NO;
				CLANG_CXX_LANGUAGE_STANDARD = "gnu++0x";
				CLANG_CXX_LIBRARY = "libc++";
				CLANG_ENABLE_MODULES = YES;
				CLANG_ENABLE_OBJC_ARC = YES;
				CLANG_WARN_BOOL_CONVERSION = YES;
				CLANG_WARN_CONSTANT_CONVERSION = YES;
				CLANG_WARN_DIRECT_OBJC_ISA_USAGE = YES_ERROR;
				CLANG_WARN_EMPTY_BODY = YES;
				CLANG_WARN_ENUM_CONVERSION = YES;
				CLANG_WARN_INT_CONVERSION = YES;
				CLANG_WARN_OBJC_ROOT_CLASS = YES_ERROR;
				CLANG_WARN__DUPLICATE_METHOD_MATCH = YES;
				COPY_PHASE_STRIP = YES;
				ENABLE_NS_ASSERTIONS = NO;
				FRAMEWORK_SEARCH_PATHS = (
					"$(SDKROOT)/Developer/Library/Frameworks",
					"$(inherited)",
					"$(DEVELOPER_FRAMEWORKS_DIR)",
				);
				GCC_C_LANGUAGE_STANDARD = gnu99;
				GCC_PRECOMPILE_PREFIX_HEADER = YES;
				GCC_PREFIX_HEADER = "Tests/Tests-Prefix.pch";
				GCC_WARN_64_TO_32_BIT_CONVERSION = YES;
				GCC_WARN_ABOUT_RETURN_TYPE = YES_ERROR;
				GCC_WARN_UNDECLARED_SELECTOR = YES;
				GCC_WARN_UNINITIALIZED_AUTOS = YES_AGGRESSIVE;
				GCC_WARN_UNUSED_FUNCTION = YES;
				GCC_WARN_UNUSED_VARIABLE = YES;
				INFOPLIST_FILE = "Tests/Tests-Info.plist";
				IPHONEOS_DEPLOYMENT_TARGET = 7.1;
				PRODUCT_NAME = "$(TARGET_NAME)";
				SDKROOT = iphoneos;
				VALIDATE_PRODUCT = YES;
				WRAPPER_EXTENSION = xctest;
			};
			name = Release;
		};
/* End XCBuildConfiguration section */

/* Begin XCConfigurationList section */
		F25E894318DC720B00208B39 /* Build configuration list for PBXProject "JGORegExpBuilderTests" */ = {
			isa = XCConfigurationList;
			buildConfigurations = (
				F25E894418DC720B00208B39 /* Debug */,
				F25E894518DC720B00208B39 /* Release */,
			);
			defaultConfigurationIsVisible = 0;
			defaultConfigurationName = Release;
		};
		F25E895C18DC725200208B39 /* Build configuration list for PBXNativeTarget "Tests" */ = {
			isa = XCConfigurationList;
			buildConfigurations = (
				F25E895D18DC725200208B39 /* Debug */,
				F25E895E18DC725200208B39 /* Release */,
			);
			defaultConfigurationIsVisible = 0;
		};
/* End XCConfigurationList section */
	};
	rootObject = F25E894018DC720B00208B39 /* Project object */;
}
