// !$*UTF8*$!
{
	archiveVersion = 1;
	classes = {
	};
	objectVersion = 46;
	objects = {

/* Begin PBXBuildFile section */
		34D5F8CA77F74CE8837DC934 /* libPods.a in Frameworks */ = {isa = PBXBuildFile; fileRef = 4D24FECC6CA14B34A1CBAC1D /* libPods.a */; };
		F25E89B418DF106D00208B39 /* Foundation.framework in Frameworks */ = {isa = PBXBuildFile; fileRef = F25E89B318DF106D00208B39 /* Foundation.framework */; };
		F25E89B618DF106D00208B39 /* CoreGraphics.framework in Frameworks */ = {isa = PBXBuildFile; fileRef = F25E89B518DF106D00208B39 /* CoreGraphics.framework */; };
		F25E89B818DF106D00208B39 /* UIKit.framework in Frameworks */ = {isa = PBXBuildFile; fileRef = F25E89B718DF106D00208B39 /* UIKit.framework */; };
		F25E89BE18DF106D00208B39 /* InfoPlist.strings in Resources */ = {isa = PBXBuildFile; fileRef = F25E89BC18DF106D00208B39 /* InfoPlist.strings */; };
		F25E89C018DF106D00208B39 /* main.m in Sources */ = {isa = PBXBuildFile; fileRef = F25E89BF18DF106D00208B39 /* main.m */; };
		F25E89C418DF106D00208B39 /* AppDelegate.m in Sources */ = {isa = PBXBuildFile; fileRef = F25E89C318DF106D00208B39 /* AppDelegate.m */; };
		F25E89C718DF106D00208B39 /* Main.storyboard in Resources */ = {isa = PBXBuildFile; fileRef = F25E89C518DF106D00208B39 /* Main.storyboard */; };
		F25E89CA18DF106D00208B39 /* ViewController.m in Sources */ = {isa = PBXBuildFile; fileRef = F25E89C918DF106D00208B39 /* ViewController.m */; };
		F25E89CC18DF106D00208B39 /* Images.xcassets in Resources */ = {isa = PBXBuildFile; fileRef = F25E89CB18DF106D00208B39 /* Images.xcassets */; };
		F25E89D318DF106D00208B39 /* XCTest.framework in Frameworks */ = {isa = PBXBuildFile; fileRef = F25E89D218DF106D00208B39 /* XCTest.framework */; };
		F25E89D418DF106D00208B39 /* Foundation.framework in Frameworks */ = {isa = PBXBuildFile; fileRef = F25E89B318DF106D00208B39 /* Foundation.framework */; };
		F25E89D518DF106D00208B39 /* UIKit.framework in Frameworks */ = {isa = PBXBuildFile; fileRef = F25E89B718DF106D00208B39 /* UIKit.framework */; };
		F25E89DD18DF106D00208B39 /* InfoPlist.strings in Resources */ = {isa = PBXBuildFile; fileRef = F25E89DB18DF106D00208B39 /* InfoPlist.strings */; };
		F25E89DF18DF106D00208B39 /* ExampleTests.m in Sources */ = {isa = PBXBuildFile; fileRef = F25E89DE18DF106D00208B39 /* ExampleTests.m */; };
/* End PBXBuildFile section */

/* Begin PBXContainerItemProxy section */
		F25E89D618DF106D00208B39 /* PBXContainerItemProxy */ = {
			isa = PBXContainerItemProxy;
			containerPortal = F25E89A818DF106D00208B39 /* Project object */;
			proxyType = 1;
			remoteGlobalIDString = F25E89AF18DF106D00208B39;
			remoteInfo = Example;
		};
/* End PBXContainerItemProxy section */

/* Begin PBXFileReference section */
		4D24FECC6CA14B34A1CBAC1D /* libPods.a */ = {isa = PBXFileReference; explicitFileType = archive.ar; includeInIndex = 0; path = libPods.a; sourceTree = BUILT_PRODUCTS_DIR; };
		EEB64AF8E1984512A85FA3EA /* Pods.xcconfig */ = {isa = PBXFileReference; includeInIndex = 1; lastKnownFileType = text.xcconfig; name = Pods.xcconfig; path = Pods/Pods.xcconfig; sourceTree = "<group>"; };
		F25E89B018DF106D00208B39 /* Example.app */ = {isa = PBXFileReference; explicitFileType = wrapper.application; includeInIndex = 0; path = Example.app; sourceTree = BUILT_PRODUCTS_DIR; };
		F25E89B318DF106D00208B39 /* Foundation.framework */ = {isa = PBXFileReference; lastKnownFileType = wrapper.framework; name = Foundation.framework; path = System/Library/Frameworks/Foundation.framework; sourceTree = SDKROOT; };
		F25E89B518DF106D00208B39 /* CoreGraphics.framework */ = {isa = PBXFileReference; lastKnownFileType = wrapper.framework; name = CoreGraphics.framework; path = System/Library/Frameworks/CoreGraphics.framework; sourceTree = SDKROOT; };
		F25E89B718DF106D00208B39 /* UIKit.framework */ = {isa = PBXFileReference; lastKnownFileType = wrapper.framework; name = UIKit.framework; path = System/Library/Frameworks/UIKit.framework; sourceTree = SDKROOT; };
		F25E89BB18DF106D00208B39 /* Example-Info.plist */ = {isa = PBXFileReference; lastKnownFileType = text.plist.xml; path = "Example-Info.plist"; sourceTree = "<group>"; };
		F25E89BD18DF106D00208B39 /* en */ = {isa = PBXFileReference; lastKnownFileType = text.plist.strings; name = en; path = en.lproj/InfoPlist.strings; sourceTree = "<group>"; };
		F25E89BF18DF106D00208B39 /* main.m */ = {isa = PBXFileReference; lastKnownFileType = sourcecode.c.objc; path = main.m; sourceTree = "<group>"; };
		F25E89C118DF106D00208B39 /* Example-Prefix.pch */ = {isa = PBXFileReference; lastKnownFileType = sourcecode.c.h; path = "Example-Prefix.pch"; sourceTree = "<group>"; };
		F25E89C218DF106D00208B39 /* AppDelegate.h */ = {isa = PBXFileReference; lastKnownFileType = sourcecode.c.h; path = AppDelegate.h; sourceTree = "<group>"; };
		F25E89C318DF106D00208B39 /* AppDelegate.m */ = {isa = PBXFileReference; lastKnownFileType = sourcecode.c.objc; path = AppDelegate.m; sourceTree = "<group>"; };
		F25E89C618DF106D00208B39 /* Base */ = {isa = PBXFileReference; lastKnownFileType = file.storyboard; name = Base; path = Base.lproj/Main.storyboard; sourceTree = "<group>"; };
		F25E89C818DF106D00208B39 /* ViewController.h */ = {isa = PBXFileReference; lastKnownFileType = sourcecode.c.h; path = ViewController.h; sourceTree = "<group>"; };
		F25E89C918DF106D00208B39 /* ViewController.m */ = {isa = PBXFileReference; lastKnownFileType = sourcecode.c.objc; path = ViewController.m; sourceTree = "<group>"; };
		F25E89CB18DF106D00208B39 /* Images.xcassets */ = {isa = PBXFileReference; lastKnownFileType = folder.assetcatalog; path = Images.xcassets; sourceTree = "<group>"; };
		F25E89D118DF106D00208B39 /* ExampleTests.xctest */ = {isa = PBXFileReference; explicitFileType = wrapper.cfbundle; includeInIndex = 0; path = ExampleTests.xctest; sourceTree = BUILT_PRODUCTS_DIR; };
		F25E89D218DF106D00208B39 /* XCTest.framework */ = {isa = PBXFileReference; lastKnownFileType = wrapper.framework; name = XCTest.framework; path = Library/Frameworks/XCTest.framework; sourceTree = DEVELOPER_DIR; };
		F25E89DA18DF106D00208B39 /* ExampleTests-Info.plist */ = {isa = PBXFileReference; lastKnownFileType = text.plist.xml; path = "ExampleTests-Info.plist"; sourceTree = "<group>"; };
		F25E89DC18DF106D00208B39 /* en */ = {isa = PBXFileReference; lastKnownFileType = text.plist.strings; name = en; path = en.lproj/InfoPlist.strings; sourceTree = "<group>"; };
		F25E89DE18DF106D00208B39 /* ExampleTests.m */ = {isa = PBXFileReference; lastKnownFileType = sourcecode.c.objc; path = ExampleTests.m; sourceTree = "<group>"; };
/* End PBXFileReference section */

/* Begin PBXFrameworksBuildPhase section */
		F25E89AD18DF106D00208B39 /* Frameworks */ = {
			isa = PBXFrameworksBuildPhase;
			buildActionMask = 2147483647;
			files = (
				F25E89B618DF106D00208B39 /* CoreGraphics.framework in Frameworks */,
				F25E89B818DF106D00208B39 /* UIKit.framework in Frameworks */,
				F25E89B418DF106D00208B39 /* Foundation.framework in Frameworks */,
				34D5F8CA77F74CE8837DC934 /* libPods.a in Frameworks */,
			);
			runOnlyForDeploymentPostprocessing = 0;
		};
		F25E89CE18DF106D00208B39 /* Frameworks */ = {
			isa = PBXFrameworksBuildPhase;
			buildActionMask = 2147483647;
			files = (
				F25E89D318DF106D00208B39 /* XCTest.framework in Frameworks */,
				F25E89D518DF106D00208B39 /* UIKit.framework in Frameworks */,
				F25E89D418DF106D00208B39 /* Foundation.framework in Frameworks */,
			);
			runOnlyForDeploymentPostprocessing = 0;
		};
/* End PBXFrameworksBuildPhase section */

/* Begin PBXGroup section */
		F25E89A718DF106D00208B39 = {
			isa = PBXGroup;
			children = (
				F25E89B918DF106D00208B39 /* Example */,
				F25E89D818DF106D00208B39 /* ExampleTests */,
				F25E89B218DF106D00208B39 /* Frameworks */,
				F25E89B118DF106D00208B39 /* Products */,
				EEB64AF8E1984512A85FA3EA /* Pods.xcconfig */,
			);
			sourceTree = "<group>";
		};
		F25E89B118DF106D00208B39 /* Products */ = {
			isa = PBXGroup;
			children = (
				F25E89B018DF106D00208B39 /* Example.app */,
				F25E89D118DF106D00208B39 /* ExampleTests.xctest */,
			);
			name = Products;
			sourceTree = "<group>";
		};
		F25E89B218DF106D00208B39 /* Frameworks */ = {
			isa = PBXGroup;
			children = (
				F25E89B318DF106D00208B39 /* Foundation.framework */,
				F25E89B518DF106D00208B39 /* CoreGraphics.framework */,
				F25E89B718DF106D00208B39 /* UIKit.framework */,
				F25E89D218DF106D00208B39 /* XCTest.framework */,
				4D24FECC6CA14B34A1CBAC1D /* libPods.a */,
			);
			name = Frameworks;
			sourceTree = "<group>";
		};
		F25E89B918DF106D00208B39 /* Example */ = {
			isa = PBXGroup;
			children = (
				F25E89C218DF106D00208B39 /* AppDelegate.h */,
				F25E89C318DF106D00208B39 /* AppDelegate.m */,
				F25E89C518DF106D00208B39 /* Main.storyboard */,
				F25E89C818DF106D00208B39 /* ViewController.h */,
				F25E89C918DF106D00208B39 /* ViewController.m */,
				F25E89CB18DF106D00208B39 /* Images.xcassets */,
				F25E89BA18DF106D00208B39 /* Supporting Files */,
			);
			path = Example;
			sourceTree = "<group>";
		};
		F25E89BA18DF106D00208B39 /* Supporting Files */ = {
			isa = PBXGroup;
			children = (
				F25E89BB18DF106D00208B39 /* Example-Info.plist */,
				F25E89BC18DF106D00208B39 /* InfoPlist.strings */,
				F25E89BF18DF106D00208B39 /* main.m */,
				F25E89C118DF106D00208B39 /* Example-Prefix.pch */,
			);
			name = "Supporting Files";
			sourceTree = "<group>";
		};
		F25E89D818DF106D00208B39 /* ExampleTests */ = {
			isa = PBXGroup;
			children = (
				F25E89DE18DF106D00208B39 /* ExampleTests.m */,
				F25E89D918DF106D00208B39 /* Supporting Files */,
			);
			path = ExampleTests;
			sourceTree = "<group>";
		};
		F25E89D918DF106D00208B39 /* Supporting Files */ = {
			isa = PBXGroup;
			children = (
				F25E89DA18DF106D00208B39 /* ExampleTests-Info.plist */,
				F25E89DB18DF106D00208B39 /* InfoPlist.strings */,
			);
			name = "Supporting Files";
			sourceTree = "<group>";
		};
/* End PBXGroup section */

/* Begin PBXNativeTarget section */
		F25E89AF18DF106D00208B39 /* Example */ = {
			isa = PBXNativeTarget;
			buildConfigurationList = F25E89E218DF106D00208B39 /* Build configuration list for PBXNativeTarget "Example" */;
			buildPhases = (
				FCFC2828C7C44571B78FF0D5 /* Check Pods Manifest.lock */,
				F25E89AC18DF106D00208B39 /* Sources */,
				F25E89AD18DF106D00208B39 /* Frameworks */,
				F25E89AE18DF106D00208B39 /* Resources */,
				AA5669EBC1774D13B6427710 /* Copy Pods Resources */,
			);
			buildRules = (
			);
			dependencies = (
			);
			name = Example;
			productName = Example;
			productReference = F25E89B018DF106D00208B39 /* Example.app */;
			productType = "com.apple.product-type.application";
		};
		F25E89D018DF106D00208B39 /* ExampleTests */ = {
			isa = PBXNativeTarget;
			buildConfigurationList = F25E89E518DF106D00208B39 /* Build configuration list for PBXNativeTarget "ExampleTests" */;
			buildPhases = (
				F25E89CD18DF106D00208B39 /* Sources */,
				F25E89CE18DF106D00208B39 /* Frameworks */,
				F25E89CF18DF106D00208B39 /* Resources */,
			);
			buildRules = (
			);
			dependencies = (
				F25E89D718DF106D00208B39 /* PBXTargetDependency */,
			);
			name = ExampleTests;
			productName = ExampleTests;
			productReference = F25E89D118DF106D00208B39 /* ExampleTests.xctest */;
			productType = "com.apple.product-type.bundle.unit-test";
		};
/* End PBXNativeTarget section */

/* Begin PBXProject section */
		F25E89A818DF106D00208B39 /* Project object */ = {
			isa = PBXProject;
			attributes = {
				LastUpgradeCheck = 0510;
				ORGANIZATIONNAME = "Jan Gorman";
				TargetAttributes = {
					F25E89D018DF106D00208B39 = {
						TestTargetID = F25E89AF18DF106D00208B39;
					};
				};
			};
			buildConfigurationList = F25E89AB18DF106D00208B39 /* Build configuration list for PBXProject "Example" */;
			compatibilityVersion = "Xcode 3.2";
			developmentRegion = English;
			hasScannedForEncodings = 0;
			knownRegions = (
				en,
				Base,
			);
			mainGroup = F25E89A718DF106D00208B39;
			productRefGroup = F25E89B118DF106D00208B39 /* Products */;
			projectDirPath = "";
			projectRoot = "";
			targets = (
				F25E89AF18DF106D00208B39 /* Example */,
				F25E89D018DF106D00208B39 /* ExampleTests */,
			);
		};
/* End PBXProject section */

/* Begin PBXResourcesBuildPhase section */
		F25E89AE18DF106D00208B39 /* Resources */ = {
			isa = PBXResourcesBuildPhase;
			buildActionMask = 2147483647;
			files = (
				F25E89CC18DF106D00208B39 /* Images.xcassets in Resources */,
				F25E89BE18DF106D00208B39 /* InfoPlist.strings in Resources */,
				F25E89C718DF106D00208B39 /* Main.storyboard in Resources */,
			);
			runOnlyForDeploymentPostprocessing = 0;
		};
		F25E89CF18DF106D00208B39 /* Resources */ = {
			isa = PBXResourcesBuildPhase;
			buildActionMask = 2147483647;
			files = (
				F25E89DD18DF106D00208B39 /* InfoPlist.strings in Resources */,
			);
			runOnlyForDeploymentPostprocessing = 0;
		};
/* End PBXResourcesBuildPhase section */

/* Begin PBXShellScriptBuildPhase section */
		AA5669EBC1774D13B6427710 /* Copy Pods Resources */ = {
			isa = PBXShellScriptBuildPhase;
			buildActionMask = 2147483647;
			files = (
			);
			inputPaths = (
			);
			name = "Copy Pods Resources";
			outputPaths = (
			);
			runOnlyForDeploymentPostprocessing = 0;
			shellPath = /bin/sh;
			shellScript = "\"${SRCROOT}/Pods/Pods-resources.sh\"\n";
			showEnvVarsInLog = 0;
		};
		FCFC2828C7C44571B78FF0D5 /* Check Pods Manifest.lock */ = {
			isa = PBXShellScriptBuildPhase;
			buildActionMask = 2147483647;
			files = (
			);
			inputPaths = (
			);
			name = "Check Pods Manifest.lock";
			outputPaths = (
			);
			runOnlyForDeploymentPostprocessing = 0;
			shellPath = /bin/sh;
			shellScript = "diff \"${PODS_ROOT}/../Podfile.lock\" \"${PODS_ROOT}/Manifest.lock\" > /dev/null\nif [[ $? != 0 ]] ; then\n    cat << EOM\nerror: The sandbox is not in sync with the Podfile.lock. Run 'pod install' or update your CocoaPods installation.\nEOM\n    exit 1\nfi\n";
			showEnvVarsInLog = 0;
		};
/* End PBXShellScriptBuildPhase section */

/* Begin PBXSourcesBuildPhase section */
		F25E89AC18DF106D00208B39 /* Sources */ = {
			isa = PBXSourcesBuildPhase;
			buildActionMask = 2147483647;
			files = (
				F25E89CA18DF106D00208B39 /* ViewController.m in Sources */,
				F25E89C418DF106D00208B39 /* AppDelegate.m in Sources */,
				F25E89C018DF106D00208B39 /* main.m in Sources */,
			);
			runOnlyForDeploymentPostprocessing = 0;
		};
		F25E89CD18DF106D00208B39 /* Sources */ = {
			isa = PBXSourcesBuildPhase;
			buildActionMask = 2147483647;
			files = (
				F25E89DF18DF106D00208B39 /* ExampleTests.m in Sources */,
			);
			runOnlyForDeploymentPostprocessing = 0;
		};
/* End PBXSourcesBuildPhase section */

/* Begin PBXTargetDependency section */
		F25E89D718DF106D00208B39 /* PBXTargetDependency */ = {
			isa = PBXTargetDependency;
			target = F25E89AF18DF106D00208B39 /* Example */;
			targetProxy = F25E89D618DF106D00208B39 /* PBXContainerItemProxy */;
		};
/* End PBXTargetDependency section */

/* Begin PBXVariantGroup section */
		F25E89BC18DF106D00208B39 /* InfoPlist.strings */ = {
			isa = PBXVariantGroup;
			children = (
				F25E89BD18DF106D00208B39 /* en */,
			);
			name = InfoPlist.strings;
			sourceTree = "<group>";
		};
		F25E89C518DF106D00208B39 /* Main.storyboard */ = {
			isa = PBXVariantGroup;
			children = (
				F25E89C618DF106D00208B39 /* Base */,
			);
			name = Main.storyboard;
			sourceTree = "<group>";
		};
		F25E89DB18DF106D00208B39 /* InfoPlist.strings */ = {
			isa = PBXVariantGroup;
			children = (
				F25E89DC18DF106D00208B39 /* en */,
			);
			name = InfoPlist.strings;
			sourceTree = "<group>";
		};
/* End PBXVariantGroup section */

/* Begin XCBuildConfiguration section */
		F25E89E018DF106D00208B39 /* Debug */ = {
			isa = XCBuildConfiguration;
			buildSettings = {
				ALWAYS_SEARCH_USER_PATHS = NO;
				CLANG_CXX_LANGUAGE_STANDARD = "gnu++0x";
				CLANG_CXX_LIBRARY = "libc++";
				CLANG_ENABLE_MODULES = YES;
				CLANG_ENABLE_OBJC_ARC = YES;
				CLANG_WARN_BOOL_CONVERSION = YES;
				CLANG_WARN_CONSTANT_CONVERSION = YES;
				CLANG_WARN_DIRECT_OBJC_ISA_USAGE = YES_ERROR;
				CLANG_WARN_EMPTY_BODY = YES;
				CLANG_WARN_ENUM_CONVERSION = YES;
				CLANG_WARN_INT_CONVERSION = YES;
				CLANG_WARN_OBJC_ROOT_CLASS = YES_ERROR;
				CLANG_WARN__DUPLICATE_METHOD_MATCH = YES;
				"CODE_SIGN_IDENTITY[sdk=iphoneos*]" = "iPhone Developer";
				COPY_PHASE_STRIP = NO;
				GCC_C_LANGUAGE_STANDARD = gnu99;
				GCC_DYNAMIC_NO_PIC = NO;
				GCC_OPTIMIZATION_LEVEL = 0;
				GCC_PREPROCESSOR_DEFINITIONS = (
					"DEBUG=1",
					"$(inherited)",
				);
				GCC_SYMBOLS_PRIVATE_EXTERN = NO;
				GCC_WARN_64_TO_32_BIT_CONVERSION = YES;
				GCC_WARN_ABOUT_RETURN_TYPE = YES_ERROR;
				GCC_WARN_UNDECLARED_SELECTOR = YES;
				GCC_WARN_UNINITIALIZED_AUTOS = YES_AGGRESSIVE;
				GCC_WARN_UNUSED_FUNCTION = YES;
				GCC_WARN_UNUSED_VARIABLE = YES;
				IPHONEOS_DEPLOYMENT_TARGET = 7.1;
				ONLY_ACTIVE_ARCH = YES;
				SDKROOT = iphoneos;
			};
			name = Debug;
		};
		F25E89E118DF106D00208B39 /* Release */ = {
			isa = XCBuildConfiguration;
			buildSettings = {
				ALWAYS_SEARCH_USER_PATHS = NO;
				CLANG_CXX_LANGUAGE_STANDARD = "gnu++0x";
				CLANG_CXX_LIBRARY = "libc++";
				CLANG_ENABLE_MODULES = YES;
				CLANG_ENABLE_OBJC_ARC = YES;
				CLANG_WARN_BOOL_CONVERSION = YES;
				CLANG_WARN_CONSTANT_CONVERSION = YES;
				CLANG_WARN_DIRECT_OBJC_ISA_USAGE = YES_ERROR;
				CLANG_WARN_EMPTY_BODY = YES;
				CLANG_WARN_ENUM_CONVERSION = YES;
				CLANG_WARN_INT_CONVERSION = YES;
				CLANG_WARN_OBJC_ROOT_CLASS = YES_ERROR;
				CLANG_WARN__DUPLICATE_METHOD_MATCH = YES;
				"CODE_SIGN_IDENTITY[sdk=iphoneos*]" = "iPhone Developer";
				COPY_PHASE_STRIP = YES;
				ENABLE_NS_ASSERTIONS = NO;
				GCC_C_LANGUAGE_STANDARD = gnu99;
				GCC_WARN_64_TO_32_BIT_CONVERSION = YES;
				GCC_WARN_ABOUT_RETURN_TYPE = YES_ERROR;
				GCC_WARN_UNDECLARED_SELECTOR = YES;
				GCC_WARN_UNINITIALIZED_AUTOS = YES_AGGRESSIVE;
				GCC_WARN_UNUSED_FUNCTION = YES;
				GCC_WARN_UNUSED_VARIABLE = YES;
				IPHONEOS_DEPLOYMENT_TARGET = 7.1;
				SDKROOT = iphoneos;
				VALIDATE_PRODUCT = YES;
			};
			name = Release;
		};
		F25E89E318DF106D00208B39 /* Debug */ = {
			isa = XCBuildConfiguration;
			baseConfigurationReference = EEB64AF8E1984512A85FA3EA /* Pods.xcconfig */;
			buildSettings = {
				ASSETCATALOG_COMPILER_APPICON_NAME = AppIcon;
				ASSETCATALOG_COMPILER_LAUNCHIMAGE_NAME = LaunchImage;
				GCC_PRECOMPILE_PREFIX_HEADER = YES;
				GCC_PREFIX_HEADER = "Example/Example-Prefix.pch";
				INFOPLIST_FILE = "Example/Example-Info.plist";
				PRODUCT_NAME = "$(TARGET_NAME)";
				WRAPPER_EXTENSION = app;
			};
			name = Debug;
		};
		F25E89E418DF106D00208B39 /* Release */ = {
			isa = XCBuildConfiguration;
			baseConfigurationReference = EEB64AF8E1984512A85FA3EA /* Pods.xcconfig */;
			buildSettings = {
				ASSETCATALOG_COMPILER_APPICON_NAME = AppIcon;
				ASSETCATALOG_COMPILER_LAUNCHIMAGE_NAME = LaunchImage;
				GCC_PRECOMPILE_PREFIX_HEADER = YES;
				GCC_PREFIX_HEADER = "Example/Example-Prefix.pch";
				INFOPLIST_FILE = "Example/Example-Info.plist";
				PRODUCT_NAME = "$(TARGET_NAME)";
				WRAPPER_EXTENSION = app;
			};
			name = Release;
		};
		F25E89E618DF106D00208B39 /* Debug */ = {
			isa = XCBuildConfiguration;
			buildSettings = {
				BUNDLE_LOADER = "$(BUILT_PRODUCTS_DIR)/Example.app/Example";
				FRAMEWORK_SEARCH_PATHS = (
					"$(SDKROOT)/Developer/Library/Frameworks",
					"$(inherited)",
					"$(DEVELOPER_FRAMEWORKS_DIR)",
				);
				GCC_PRECOMPILE_PREFIX_HEADER = YES;
				GCC_PREFIX_HEADER = "Example/Example-Prefix.pch";
				GCC_PREPROCESSOR_DEFINITIONS = (
					"DEBUG=1",
					"$(inherited)",
				);
				INFOPLIST_FILE = "ExampleTests/ExampleTests-Info.plist";
				PRODUCT_NAME = "$(TARGET_NAME)";
				TEST_HOST = "$(BUNDLE_LOADER)";
				WRAPPER_EXTENSION = xctest;
			};
			name = Debug;
		};
		F25E89E718DF106D00208B39 /* Release */ = {
			isa = XCBuildConfiguration;
			buildSettings = {
				BUNDLE_LOADER = "$(BUILT_PRODUCTS_DIR)/Example.app/Example";
				FRAMEWORK_SEARCH_PATHS = (
					"$(SDKROOT)/Developer/Library/Frameworks",
					"$(inherited)",
					"$(DEVELOPER_FRAMEWORKS_DIR)",
				);
				GCC_PRECOMPILE_PREFIX_HEADER = YES;
				GCC_PREFIX_HEADER = "Example/Example-Prefix.pch";
				INFOPLIST_FILE = "ExampleTests/ExampleTests-Info.plist";
				PRODUCT_NAME = "$(TARGET_NAME)";
				TEST_HOST = "$(BUNDLE_LOADER)";
				WRAPPER_EXTENSION = xctest;
			};
			name = Release;
		};
/* End XCBuildConfiguration section */

/* Begin XCConfigurationList section */
		F25E89AB18DF106D00208B39 /* Build configuration list for PBXProject "Example" */ = {
			isa = XCConfigurationList;
			buildConfigurations = (
				F25E89E018DF106D00208B39 /* Debug */,
				F25E89E118DF106D00208B39 /* Release */,
			);
			defaultConfigurationIsVisible = 0;
			defaultConfigurationName = Release;
		};
		F25E89E218DF106D00208B39 /* Build configuration list for PBXNativeTarget "Example" */ = {
			isa = XCConfigurationList;
			buildConfigurations = (
				F25E89E318DF106D00208B39 /* Debug */,
				F25E89E418DF106D00208B39 /* Release */,
			);
			defaultConfigurationIsVisible = 0;
			defaultConfigurationName = Release;
		};
		F25E89E518DF106D00208B39 /* Build configuration list for PBXNativeTarget "ExampleTests" */ = {
			isa = XCConfigurationList;
			buildConfigurations = (
				F25E89E618DF106D00208B39 /* Debug */,
				F25E89E718DF106D00208B39 /* Release */,
			);
			defaultConfigurationIsVisible = 0;
			defaultConfigurationName = Release;
		};
/* End XCConfigurationList section */
	};
	rootObject = F25E89A818DF106D00208B39 /* Project object */;
}
